{
    "version": 3,
    "terraform_version": "0.11.10",
    "serial": 9,
    "lineage": "179b9463-3c31-c782-83c7-7b0dc15e2e72",
    "modules": [
        {
            "path": [
                "root"
            ],
            "outputs": {},
            "resources": {
                "aws_autoscaling_group.lab": {
                    "type": "aws_autoscaling_group",
                    "depends_on": [
                        "aws_launch_configuration.amznlinux",
                        "aws_lb_target_group.lab",
                        "aws_subnet.subnet.*"
                    ],
                    "primary": {
                        "id": "AwsLabIpServer",
                        "attributes": {
                            "arn": "arn:aws:autoscaling:us-west-2:170958556236:autoScalingGroup:e29d22c0-0b03-47b8-b8e5-9789f0d1ab55:autoScalingGroupName/AwsLabIpServer",
                            "availability_zones.#": "2",
                            "availability_zones.221770259": "us-west-2b",
                            "availability_zones.2487133097": "us-west-2a",
                            "default_cooldown": "300",
                            "desired_capacity": "2",
                            "enabled_metrics.#": "0",
                            "force_delete": "false",
                            "health_check_grace_period": "300",
                            "health_check_type": "EC2",
                            "id": "AwsLabIpServer",
                            "launch_configuration": "AwsIpLabServer",
                            "launch_template.#": "0",
                            "load_balancers.#": "0",
                            "max_size": "2",
                            "metrics_granularity": "1Minute",
                            "min_size": "2",
                            "mixed_instances_policy.#": "0",
                            "name": "AwsLabIpServer",
                            "placement_group": "",
                            "protect_from_scale_in": "false",
                            "service_linked_role_arn": "arn:aws:iam::170958556236:role/aws-service-role/autoscaling.amazonaws.com/AWSServiceRoleForAutoScaling",
                            "suspended_processes.#": "0",
                            "tag.#": "0",
                            "target_group_arns.#": "1",
                            "target_group_arns.4160228803": "arn:aws:elasticloadbalancing:us-west-2:170958556236:targetgroup/tmp-lab-target-group/6f5515bdd75fd8dc",
                            "termination_policies.#": "0",
                            "vpc_zone_identifier.#": "2",
                            "vpc_zone_identifier.1273649911": "subnet-0b85ceb934886d6c2",
                            "vpc_zone_identifier.2262121156": "subnet-06a0d93d3041b995b",
                            "wait_for_capacity_timeout": "10m"
                        },
                        "meta": {
                            "e2bfb730-ecaa-11e6-8f88-34363bc7c4c0": {
                                "delete": 600000000000
                            }
                        },
                        "tainted": false
                    },
                    "deposed": [],
                    "provider": "provider.aws"
                },
                "aws_iam_instance_profile.lab_instance_profile": {
                    "type": "aws_iam_instance_profile",
                    "depends_on": [
                        "aws_iam_role.tmp_lab_role"
                    ],
                    "primary": {
                        "id": "tmp_lab_instance_profile",
                        "attributes": {
                            "arn": "arn:aws:iam::170958556236:instance-profile/tmp_lab_instance_profile",
                            "create_date": "2019-02-22T22:47:48Z",
                            "id": "tmp_lab_instance_profile",
                            "name": "tmp_lab_instance_profile",
                            "path": "/",
                            "role": "tmp_lab_role",
                            "roles.#": "1",
                            "roles.3215785340": "tmp_lab_role",
                            "unique_id": "AIPAJOI5TEEYDPCWGMBGK"
                        },
                        "meta": {},
                        "tainted": false
                    },
                    "deposed": [],
                    "provider": "provider.aws"
                },
                "aws_iam_policy.policy": {
                    "type": "aws_iam_policy",
                    "depends_on": [
                        "data.aws_iam_policy_document.s3_ip_server"
                    ],
                    "primary": {
                        "id": "arn:aws:iam::170958556236:policy/s3_ip_server",
                        "attributes": {
                            "arn": "arn:aws:iam::170958556236:policy/s3_ip_server",
                            "description": "Only Allow GetObject On Single File",
                            "id": "arn:aws:iam::170958556236:policy/s3_ip_server",
                            "name": "s3_ip_server",
                            "path": "/",
                            "policy": "{\n  \"Version\": \"2012-10-17\",\n  \"Statement\": [\n    {\n      \"Sid\": \"OnlyAllowGetObjectOnSingleFile\",\n      \"Effect\": \"Allow\",\n      \"Action\": \"s3:GetObject\",\n      \"Resource\": \"arn:aws:s3:::kanesha-1-1-test-bucket/ips.txt\"\n    }\n  ]\n}"
                        },
                        "meta": {},
                        "tainted": false
                    },
                    "deposed": [],
                    "provider": "provider.aws"
                },
                "aws_iam_role.tmp_lab_role": {
                    "type": "aws_iam_role",
                    "depends_on": [],
                    "primary": {
                        "id": "tmp_lab_role",
                        "attributes": {
                            "arn": "arn:aws:iam::170958556236:role/tmp_lab_role",
                            "assume_role_policy": "{\"Version\":\"2012-10-17\",\"Statement\":[{\"Sid\":\"\",\"Effect\":\"Allow\",\"Principal\":{\"Service\":\"ec2.amazonaws.com\"},\"Action\":\"sts:AssumeRole\"}]}",
                            "create_date": "2019-02-22T20:56:04Z",
                            "description": "",
                            "force_detach_policies": "false",
                            "id": "tmp_lab_role",
                            "max_session_duration": "3600",
                            "name": "tmp_lab_role",
                            "path": "/",
                            "tags.%": "0",
                            "unique_id": "AROAIXU2DO6X4WGVHKYMU"
                        },
                        "meta": {},
                        "tainted": false
                    },
                    "deposed": [],
                    "provider": "provider.aws"
                },
                "aws_iam_role_policy_attachment.attachment": {
                    "type": "aws_iam_role_policy_attachment",
                    "depends_on": [
                        "aws_iam_policy.policy",
                        "aws_iam_role.tmp_lab_role"
                    ],
                    "primary": {
                        "id": "tmp_lab_role-20190222205605411700000001",
                        "attributes": {
                            "id": "tmp_lab_role-20190222205605411700000001",
                            "policy_arn": "arn:aws:iam::170958556236:policy/s3_ip_server",
                            "role": "tmp_lab_role"
                        },
                        "meta": {},
                        "tainted": false
                    },
                    "deposed": [],
                    "provider": "provider.aws"
                },
                "aws_internet_gateway.gw": {
                    "type": "aws_internet_gateway",
                    "depends_on": [
                        "aws_vpc.main"
                    ],
                    "primary": {
                        "id": "igw-01f09bca4ab7bbc1a",
                        "attributes": {
                            "id": "igw-01f09bca4ab7bbc1a",
                            "owner_id": "170958556236",
                            "tags.%": "1",
                            "tags.Name": "tmp_lab_igw",
                            "vpc_id": "vpc-00632a3c3ebf2f191"
                        },
                        "meta": {},
                        "tainted": false
                    },
                    "deposed": [],
                    "provider": "provider.aws"
                },
                "aws_key_pair.deployer": {
                    "type": "aws_key_pair",
                    "depends_on": [],
                    "primary": {
                        "id": "tmp-lab-deploy-key",
                        "attributes": {
                            "fingerprint": "5a:da:6a:6f:42:ea:62:3d:03:5f:43:60:08:99:51:a5",
                            "id": "tmp-lab-deploy-key",
                            "key_name": "tmp-lab-deploy-key",
                            "public_key": "ssh-rsa AAAAB3NzaC1yc2EAAAADAQABAAACAQCz0lL2uvPcpWCpTg6UjNwwVO8CnFN+pavqfxTdIVqWKNzSH5FikQrdB0zPo1TM15BAMVu4/ickod9kqLmN4A6/vvzNknCOvGd7m+wtnKCeESR5Uo4bL0CaaED2/p5159lA3IgrNZmaE8aPGec7R3DQKkYqRlcvqSmWExl3FNpDrMjcIHBUdIq9QWbPIznuZCD6yJ9sv/jmnfe0m2+hBrr+SoAmrIWmCMUhrCR2Vy6k6NAIGDxmML0zl7v3EHecsGxL6L/6BdzFCnoHpZRJYOeBrnDWB+8Rq64buDf2GFqfSwGkqDYDvBi+qJty/eVovFUKMN3mkHuHNd5gdpWeX6LtaVWD0vY5BOQyDC1v9NK4IJxJsAxRAPUZXxqQT6gRgq7yGHhaXh3Ac/rLurgp21qy8Qd9TO6Sds7r/ONRFOb8rAk8guH4FCxaA+mDS7vDOyam5mqCUUUsSVOajaTtFyYJdL8Jbj/o+kJvDXBUt/vSdghs4IFoirUEQ5nsoQGnJRPXMdeP+dXdpDABavnTKOaNe1BikVAMkvX7pKrNGlrmrlH/fzxFdmQ0R+TZ6qbrKKalVihpgymZCI/u+8yiLkCVm10Asw7aCKmFICavNf+ZJXxbLa9oRsTI8qJf2TBbV/NptCBd4EDxpi+Dd33E575MPRjQVZ1ES4omVtxDiPX7Dw== ryan@scalesec.com"
                        },
                        "meta": {
                            "schema_version": "1"
                        },
                        "tainted": false
                    },
                    "deposed": [],
                    "provider": "provider.aws"
                },
                "aws_launch_configuration.amznlinux": {
                    "type": "aws_launch_configuration",
                    "depends_on": [],
                    "primary": {
                        "id": "AwsIpLabServer",
                        "attributes": {
                            "associate_public_ip_address": "false",
                            "ebs_block_device.#": "0",
                            "ebs_optimized": "false",
                            "enable_monitoring": "true",
                            "ephemeral_block_device.#": "0",
                            "iam_instance_profile": "tmp_lab_instance_profile",
                            "id": "AwsIpLabServer",
                            "image_id": "ami-01bbe152bf19d0289",
                            "instance_type": "t2.micro",
                            "key_name": "tmp-lab-deploy-key",
                            "name": "AwsIpLabServer",
                            "root_block_device.#": "0",
                            "security_groups.#": "1",
                            "security_groups.2576559432": "sg-0b9961f63c47a3361",
                            "spot_price": "",
                            "user_data": "72e2e4f4d0bf81d503aad2333bc683e41f61b6df",
                            "vpc_classic_link_id": "",
                            "vpc_classic_link_security_groups.#": "0"
                        },
                        "meta": {},
                        "tainted": false
                    },
                    "deposed": [],
                    "provider": "provider.aws"
                },
                "aws_lb.lab": {
                    "type": "aws_lb",
                    "depends_on": [
                        "aws_security_group.load_balancer",
                        "aws_subnet.subnet.*"
                    ],
                    "primary": {
                        "id": "arn:aws:elasticloadbalancing:us-west-2:170958556236:loadbalancer/app/tmp-lab-lb/aa55c814378d2935",
                        "attributes": {
                            "access_logs.#": "0",
                            "arn": "arn:aws:elasticloadbalancing:us-west-2:170958556236:loadbalancer/app/tmp-lab-lb/aa55c814378d2935",
                            "arn_suffix": "app/tmp-lab-lb/aa55c814378d2935",
                            "dns_name": "tmp-lab-lb-1645723449.us-west-2.elb.amazonaws.com",
                            "enable_deletion_protection": "false",
                            "enable_http2": "true",
                            "id": "arn:aws:elasticloadbalancing:us-west-2:170958556236:loadbalancer/app/tmp-lab-lb/aa55c814378d2935",
                            "idle_timeout": "60",
                            "internal": "false",
                            "ip_address_type": "ipv4",
                            "load_balancer_type": "application",
                            "name": "tmp-lab-lb",
                            "security_groups.#": "1",
                            "security_groups.3072528666": "sg-0cf5bb55078cb56f6",
                            "subnet_mapping.#": "0",
                            "subnets.#": "2",
                            "subnets.1273649911": "subnet-0b85ceb934886d6c2",
                            "subnets.2262121156": "subnet-06a0d93d3041b995b",
                            "tags.%": "0",
                            "vpc_id": "vpc-00632a3c3ebf2f191",
                            "zone_id": "Z1H1FL5HABSF5"
                        },
                        "meta": {
                            "e2bfb730-ecaa-11e6-8f88-34363bc7c4c0": {
                                "create": 600000000000,
                                "delete": 600000000000,
                                "update": 600000000000
                            }
                        },
                        "tainted": false
                    },
                    "deposed": [],
                    "provider": "provider.aws"
                },
                "aws_lb_listener.lab": {
                    "type": "aws_lb_listener",
                    "depends_on": [
                        "aws_lb.lab",
                        "aws_lb_target_group.lab"
                    ],
                    "primary": {
                        "id": "arn:aws:elasticloadbalancing:us-west-2:170958556236:listener/app/tmp-lab-lb/aa55c814378d2935/3784221c2a6cd992",
                        "attributes": {
                            "arn": "arn:aws:elasticloadbalancing:us-west-2:170958556236:listener/app/tmp-lab-lb/aa55c814378d2935/3784221c2a6cd992",
                            "default_action.#": "1",
                            "default_action.0.authenticate_cognito.#": "0",
                            "default_action.0.authenticate_oidc.#": "0",
                            "default_action.0.fixed_response.#": "0",
                            "default_action.0.order": "1",
                            "default_action.0.redirect.#": "0",
                            "default_action.0.target_group_arn": "arn:aws:elasticloadbalancing:us-west-2:170958556236:targetgroup/tmp-lab-target-group/6f5515bdd75fd8dc",
                            "default_action.0.type": "forward",
                            "id": "arn:aws:elasticloadbalancing:us-west-2:170958556236:listener/app/tmp-lab-lb/aa55c814378d2935/3784221c2a6cd992",
                            "load_balancer_arn": "arn:aws:elasticloadbalancing:us-west-2:170958556236:loadbalancer/app/tmp-lab-lb/aa55c814378d2935",
                            "port": "80",
                            "protocol": "HTTP",
                            "ssl_policy": ""
                        },
                        "meta": {
                            "e2bfb730-ecaa-11e6-8f88-34363bc7c4c0": {
                                "read": 600000000000
                            }
                        },
                        "tainted": false
                    },
                    "deposed": [],
                    "provider": "provider.aws"
                },
                "aws_lb_target_group.lab": {
                    "type": "aws_lb_target_group",
                    "depends_on": [
                        "aws_vpc.main"
                    ],
                    "primary": {
                        "id": "arn:aws:elasticloadbalancing:us-west-2:170958556236:targetgroup/tmp-lab-target-group/6f5515bdd75fd8dc",
                        "attributes": {
                            "arn": "arn:aws:elasticloadbalancing:us-west-2:170958556236:targetgroup/tmp-lab-target-group/6f5515bdd75fd8dc",
                            "arn_suffix": "targetgroup/tmp-lab-target-group/6f5515bdd75fd8dc",
                            "deregistration_delay": "300",
                            "health_check.#": "1",
                            "health_check.0.healthy_threshold": "5",
                            "health_check.0.interval": "30",
                            "health_check.0.matcher": "200",
                            "health_check.0.path": "/",
                            "health_check.0.port": "traffic-port",
                            "health_check.0.protocol": "HTTP",
                            "health_check.0.timeout": "5",
                            "health_check.0.unhealthy_threshold": "2",
                            "id": "arn:aws:elasticloadbalancing:us-west-2:170958556236:targetgroup/tmp-lab-target-group/6f5515bdd75fd8dc",
                            "name": "tmp-lab-target-group",
                            "port": "8080",
                            "protocol": "HTTP",
                            "proxy_protocol_v2": "false",
                            "slow_start": "0",
                            "stickiness.#": "1",
                            "stickiness.0.cookie_duration": "86400",
                            "stickiness.0.enabled": "false",
                            "stickiness.0.type": "lb_cookie",
                            "tags.%": "0",
                            "target_type": "instance",
                            "vpc_id": "vpc-00632a3c3ebf2f191"
                        },
                        "meta": {},
                        "tainted": false
                    },
                    "deposed": [],
                    "provider": "provider.aws"
                },
                "aws_route_table.r": {
                    "type": "aws_route_table",
                    "depends_on": [
                        "aws_internet_gateway.gw",
                        "aws_vpc.main"
                    ],
                    "primary": {
                        "id": "rtb-00ecaab08ecf436c1",
                        "attributes": {
                            "id": "rtb-00ecaab08ecf436c1",
                            "owner_id": "170958556236",
                            "propagating_vgws.#": "0",
                            "route.#": "1",
                            "route.2815192431.cidr_block": "0.0.0.0/0",
                            "route.2815192431.egress_only_gateway_id": "",
                            "route.2815192431.gateway_id": "igw-01f09bca4ab7bbc1a",
                            "route.2815192431.instance_id": "",
                            "route.2815192431.ipv6_cidr_block": "",
                            "route.2815192431.nat_gateway_id": "",
                            "route.2815192431.network_interface_id": "",
                            "route.2815192431.transit_gateway_id": "",
                            "route.2815192431.vpc_peering_connection_id": "",
                            "tags.%": "1",
                            "tags.Name": "tmp_lab_rt",
                            "vpc_id": "vpc-00632a3c3ebf2f191"
                        },
                        "meta": {},
                        "tainted": false
                    },
                    "deposed": [],
                    "provider": "provider.aws"
                },
                "aws_route_table_association.assoc.0": {
                    "type": "aws_route_table_association",
                    "depends_on": [
                        "aws_route_table.r",
                        "aws_subnet.subnet.*"
                    ],
                    "primary": {
                        "id": "rtbassoc-0876284ac2e69a341",
                        "attributes": {
                            "id": "rtbassoc-0876284ac2e69a341",
                            "route_table_id": "rtb-00ecaab08ecf436c1",
                            "subnet_id": "subnet-06a0d93d3041b995b"
                        },
                        "meta": {},
                        "tainted": false
                    },
                    "deposed": [],
                    "provider": "provider.aws"
                },
                "aws_route_table_association.assoc.1": {
                    "type": "aws_route_table_association",
                    "depends_on": [
                        "aws_route_table.r",
                        "aws_subnet.subnet.*"
                    ],
                    "primary": {
                        "id": "rtbassoc-0d6c7161b02cab2ed",
                        "attributes": {
                            "id": "rtbassoc-0d6c7161b02cab2ed",
                            "route_table_id": "rtb-00ecaab08ecf436c1",
                            "subnet_id": "subnet-0b85ceb934886d6c2"
                        },
                        "meta": {},
                        "tainted": false
                    },
                    "deposed": [],
                    "provider": "provider.aws"
                },
                "aws_security_group.instances": {
                    "type": "aws_security_group",
                    "depends_on": [
                        "aws_security_group.load_balancer",
                        "aws_vpc.main"
                    ],
                    "primary": {
                        "id": "sg-0b9961f63c47a3361",
                        "attributes": {
                            "arn": "arn:aws:ec2:us-west-2:170958556236:security-group/sg-0b9961f63c47a3361",
                            "description": "Managed by Terraform",
                            "egress.#": "1",
                            "egress.482069346.cidr_blocks.#": "1",
                            "egress.482069346.cidr_blocks.0": "0.0.0.0/0",
                            "egress.482069346.description": "",
                            "egress.482069346.from_port": "0",
                            "egress.482069346.ipv6_cidr_blocks.#": "0",
                            "egress.482069346.prefix_list_ids.#": "0",
                            "egress.482069346.protocol": "-1",
                            "egress.482069346.security_groups.#": "0",
                            "egress.482069346.self": "false",
                            "egress.482069346.to_port": "0",
                            "id": "sg-0b9961f63c47a3361",
                            "ingress.#": "2",
                            "ingress.1873725661.cidr_blocks.#": "0",
                            "ingress.1873725661.description": "",
                            "ingress.1873725661.from_port": "8080",
                            "ingress.1873725661.ipv6_cidr_blocks.#": "0",
                            "ingress.1873725661.prefix_list_ids.#": "0",
                            "ingress.1873725661.protocol": "tcp",
                            "ingress.1873725661.security_groups.#": "1",
                            "ingress.1873725661.security_groups.3072528666": "sg-0cf5bb55078cb56f6",
                            "ingress.1873725661.self": "false",
                            "ingress.1873725661.to_port": "8080",
                            "ingress.2541437006.cidr_blocks.#": "1",
                            "ingress.2541437006.cidr_blocks.0": "0.0.0.0/0",
                            "ingress.2541437006.description": "",
                            "ingress.2541437006.from_port": "22",
                            "ingress.2541437006.ipv6_cidr_blocks.#": "0",
                            "ingress.2541437006.prefix_list_ids.#": "0",
                            "ingress.2541437006.protocol": "tcp",
                            "ingress.2541437006.security_groups.#": "0",
                            "ingress.2541437006.self": "false",
                            "ingress.2541437006.to_port": "22",
                            "name": "tmp_lab_sg_instance",
                            "owner_id": "170958556236",
                            "revoke_rules_on_delete": "false",
                            "tags.%": "0",
                            "vpc_id": "vpc-00632a3c3ebf2f191"
                        },
                        "meta": {
                            "e2bfb730-ecaa-11e6-8f88-34363bc7c4c0": {
                                "create": 600000000000,
                                "delete": 600000000000
                            },
                            "schema_version": "1"
                        },
                        "tainted": false
                    },
                    "deposed": [],
                    "provider": "provider.aws"
                },
                "aws_security_group.load_balancer": {
                    "type": "aws_security_group",
                    "depends_on": [
                        "aws_vpc.main"
                    ],
                    "primary": {
                        "id": "sg-0cf5bb55078cb56f6",
                        "attributes": {
                            "arn": "arn:aws:ec2:us-west-2:170958556236:security-group/sg-0cf5bb55078cb56f6",
                            "description": "Managed by Terraform",
                            "egress.#": "1",
                            "egress.482069346.cidr_blocks.#": "1",
                            "egress.482069346.cidr_blocks.0": "0.0.0.0/0",
                            "egress.482069346.description": "",
                            "egress.482069346.from_port": "0",
                            "egress.482069346.ipv6_cidr_blocks.#": "0",
                            "egress.482069346.prefix_list_ids.#": "0",
                            "egress.482069346.protocol": "-1",
                            "egress.482069346.security_groups.#": "0",
                            "egress.482069346.self": "false",
                            "egress.482069346.to_port": "0",
                            "id": "sg-0cf5bb55078cb56f6",
                            "ingress.#": "1",
                            "ingress.2214680975.cidr_blocks.#": "1",
                            "ingress.2214680975.cidr_blocks.0": "0.0.0.0/0",
                            "ingress.2214680975.description": "",
                            "ingress.2214680975.from_port": "80",
                            "ingress.2214680975.ipv6_cidr_blocks.#": "0",
                            "ingress.2214680975.prefix_list_ids.#": "0",
                            "ingress.2214680975.protocol": "tcp",
                            "ingress.2214680975.security_groups.#": "0",
                            "ingress.2214680975.self": "false",
                            "ingress.2214680975.to_port": "80",
                            "name": "tmp_lab_sg_load_balancer",
                            "owner_id": "170958556236",
                            "revoke_rules_on_delete": "false",
                            "tags.%": "0",
                            "vpc_id": "vpc-00632a3c3ebf2f191"
                        },
                        "meta": {
                            "e2bfb730-ecaa-11e6-8f88-34363bc7c4c0": {
                                "create": 600000000000,
                                "delete": 600000000000
                            },
                            "schema_version": "1"
                        },
                        "tainted": false
                    },
                    "deposed": [],
                    "provider": "provider.aws"
                },
                "aws_subnet.subnet.0": {
                    "type": "aws_subnet",
                    "depends_on": [
                        "aws_vpc.main"
                    ],
                    "primary": {
                        "id": "subnet-06a0d93d3041b995b",
                        "attributes": {
                            "arn": "arn:aws:ec2:us-west-2:170958556236:subnet/subnet-06a0d93d3041b995b",
                            "assign_ipv6_address_on_creation": "false",
                            "availability_zone": "us-west-2a",
                            "availability_zone_id": "usw2-az1",
                            "cidr_block": "10.42.0.0/24",
                            "id": "subnet-06a0d93d3041b995b",
                            "ipv6_cidr_block": "",
                            "ipv6_cidr_block_association_id": "",
                            "map_public_ip_on_launch": "true",
                            "owner_id": "170958556236",
                            "tags.%": "1",
                            "tags.Name": "tmp_lab_subnet_0",
                            "vpc_id": "vpc-00632a3c3ebf2f191"
                        },
                        "meta": {
                            "e2bfb730-ecaa-11e6-8f88-34363bc7c4c0": {
                                "create": 600000000000,
                                "delete": 600000000000
                            },
                            "schema_version": "1"
                        },
                        "tainted": false
                    },
                    "deposed": [],
                    "provider": "provider.aws"
                },
                "aws_subnet.subnet.1": {
                    "type": "aws_subnet",
                    "depends_on": [
                        "aws_vpc.main"
                    ],
                    "primary": {
                        "id": "subnet-0b85ceb934886d6c2",
                        "attributes": {
                            "arn": "arn:aws:ec2:us-west-2:170958556236:subnet/subnet-0b85ceb934886d6c2",
                            "assign_ipv6_address_on_creation": "false",
                            "availability_zone": "us-west-2b",
                            "availability_zone_id": "usw2-az2",
                            "cidr_block": "10.42.1.0/24",
                            "id": "subnet-0b85ceb934886d6c2",
                            "ipv6_cidr_block": "",
                            "ipv6_cidr_block_association_id": "",
                            "map_public_ip_on_launch": "true",
                            "owner_id": "170958556236",
                            "tags.%": "1",
                            "tags.Name": "tmp_lab_subnet_1",
                            "vpc_id": "vpc-00632a3c3ebf2f191"
                        },
                        "meta": {
                            "e2bfb730-ecaa-11e6-8f88-34363bc7c4c0": {
                                "create": 600000000000,
                                "delete": 600000000000
                            },
                            "schema_version": "1"
                        },
                        "tainted": false
                    },
                    "deposed": [],
                    "provider": "provider.aws"
                },
                "aws_vpc.main": {
                    "type": "aws_vpc",
                    "depends_on": [],
                    "primary": {
                        "id": "vpc-00632a3c3ebf2f191",
                        "attributes": {
                            "arn": "arn:aws:ec2:us-west-2:170958556236:vpc/vpc-00632a3c3ebf2f191",
                            "assign_generated_ipv6_cidr_block": "false",
                            "cidr_block": "10.42.0.0/16",
                            "default_network_acl_id": "acl-0803d5a1880573ff0",
                            "default_route_table_id": "rtb-04ebc7709f9239a90",
                            "default_security_group_id": "sg-021c80d613ae7e281",
                            "dhcp_options_id": "dopt-80976ef8",
                            "enable_classiclink": "false",
                            "enable_classiclink_dns_support": "false",
                            "enable_dns_hostnames": "false",
                            "enable_dns_support": "true",
                            "id": "vpc-00632a3c3ebf2f191",
                            "instance_tenancy": "default",
                            "ipv6_association_id": "",
                            "ipv6_cidr_block": "",
                            "main_route_table_id": "rtb-04ebc7709f9239a90",
                            "owner_id": "170958556236",
                            "tags.%": "1",
                            "tags.Name": "tmp_lab_vpc"
                        },
                        "meta": {
                            "schema_version": "1"
                        },
                        "tainted": false
                    },
                    "deposed": [],
                    "provider": "provider.aws"
                },
                "data.aws_ami.amznlinux": {
                    "type": "aws_ami",
                    "depends_on": [],
                    "primary": {
                        "id": "ami-01bbe152bf19d0289",
                        "attributes": {
                            "architecture": "x86_64",
                            "block_device_mappings.#": "1",
                            "block_device_mappings.340275815.device_name": "/dev/xvda",
                            "block_device_mappings.340275815.ebs.%": "6",
                            "block_device_mappings.340275815.ebs.delete_on_termination": "true",
                            "block_device_mappings.340275815.ebs.encrypted": "false",
                            "block_device_mappings.340275815.ebs.iops": "0",
                            "block_device_mappings.340275815.ebs.snapshot_id": "snap-030d677cb8734d477",
                            "block_device_mappings.340275815.ebs.volume_size": "8",
                            "block_device_mappings.340275815.ebs.volume_type": "gp2",
                            "block_device_mappings.340275815.no_device": "",
                            "block_device_mappings.340275815.virtual_name": "",
                            "creation_date": "2018-11-14T09:06:55.000Z",
                            "description": "Amazon Linux 2 AMI 2.0.20181114 x86_64 HVM gp2",
                            "filter.#": "1",
                            "filter.450863187.name": "name",
                            "filter.450863187.values.#": "1",
                            "filter.450863187.values.0": "amzn2-ami-hvm-2.0.20181114-x86_64-gp2",
                            "hypervisor": "xen",
                            "id": "ami-01bbe152bf19d0289",
                            "image_id": "ami-01bbe152bf19d0289",
                            "image_location": "amazon/amzn2-ami-hvm-2.0.20181114-x86_64-gp2",
                            "image_owner_alias": "amazon",
                            "image_type": "machine",
                            "most_recent": "true",
                            "name": "amzn2-ami-hvm-2.0.20181114-x86_64-gp2",
                            "owner_id": "137112412989",
                            "product_codes.#": "0",
                            "public": "true",
                            "root_device_name": "/dev/xvda",
                            "root_device_type": "ebs",
                            "root_snapshot_id": "snap-030d677cb8734d477",
                            "sriov_net_support": "simple",
                            "state": "available",
                            "state_reason.%": "2",
                            "state_reason.code": "UNSET",
                            "state_reason.message": "UNSET",
                            "tags.%": "0",
                            "virtualization_type": "hvm"
                        },
                        "meta": {},
                        "tainted": false
                    },
                    "deposed": [],
                    "provider": "provider.aws"
                },
                "data.aws_iam_policy_document.s3_ip_server": {
                    "type": "aws_iam_policy_document",
                    "depends_on": [],
                    "primary": {
                        "id": "2689915830",
                        "attributes": {
                            "id": "2689915830",
                            "json": "{\n  \"Version\": \"2012-10-17\",\n  \"Statement\": [\n    {\n      \"Sid\": \"OnlyAllowGetObjectOnSingleFile\",\n      \"Effect\": \"Allow\",\n      \"Action\": \"s3:GetObject\",\n      \"Resource\": \"arn:aws:s3:::kanesha-1-1-test-bucket/ips.txt\"\n    }\n  ]\n}",
                            "statement.#": "1",
                            "statement.0.actions.#": "1",
                            "statement.0.actions.2071725391": "s3:GetObject",
                            "statement.0.condition.#": "0",
                            "statement.0.effect": "Allow",
                            "statement.0.not_actions.#": "0",
                            "statement.0.not_principals.#": "0",
                            "statement.0.not_resources.#": "0",
                            "statement.0.principals.#": "0",
                            "statement.0.resources.#": "1",
                            "statement.0.resources.2221815834": "arn:aws:s3:::kanesha-1-1-test-bucket/ips.txt",
                            "statement.0.sid": "OnlyAllowGetObjectOnSingleFile",
                            "version": "2012-10-17"
                        },
                        "meta": {},
                        "tainted": false
                    },
                    "deposed": [],
                    "provider": "provider.aws"
                },
                "data.template_file.userdata": {
                    "type": "template_file",
                    "depends_on": [],
                    "primary": {
                        "id": "7981d4f227d20602d18cb65ab0d222b265c2701a5bd4604509ebe8a0455c61fc",
                        "attributes": {
                            "id": "7981d4f227d20602d18cb65ab0d222b265c2701a5bd4604509ebe8a0455c61fc",
                            "rendered": "#!/bin/bash\n\n# Install Golang\nsudo yum install -y git\nexport ARTIFACT=go1.11.5.linux-amd64.tar.gz\ncurl -o /tmp/$ARTIFACT \"https://dl.google.com/go/$ARTIFACT\"\ntar -C /usr/local -xzf /tmp/$ARTIFACT\nexport GOPATH=/opt\nexport PATH=/usr/local/go/bin:$PATH\n\n# Install our server\ngo get github.com/onetwopunch/s3_ip_server\n\n# Create a systemd service to get it to run in the background\ncat \u003c\u003c 'SVC' \u003e /etc/systemd/system/lab.service\n[Unit]\nDescription=Distributed Password Guessing Scenario\nAfter=network.target\n\n[Service]\nType=simple\nUser=ec2-user\nExecStart=/opt/bin/s3_ip_server\nRestart=on-failure\nEnvironment=PATH=$PATH:/usr/local/go/bin\nEnvironment=GOPATH=/opt\n\n## EDIT THESE ##\nEnvironment=AWS_REGION=us-west-2\nEnvironment=AWS_BUCKET=kanesha-1-1-test-bucket\nEnvironment=AWS_OBJECT=ips.txt\n################\n\n[Install]\nWantedBy=multi-user.target\n\nSVC\n\nsystemctl daemon-reload\nsystemctl start lab\n",
                            "template": "#!/bin/bash\n\n# Install Golang\nsudo yum install -y git\nexport ARTIFACT=go1.11.5.linux-amd64.tar.gz\ncurl -o /tmp/$ARTIFACT \"https://dl.google.com/go/$ARTIFACT\"\ntar -C /usr/local -xzf /tmp/$ARTIFACT\nexport GOPATH=/opt\nexport PATH=/usr/local/go/bin:$PATH\n\n# Install our server\ngo get github.com/onetwopunch/s3_ip_server\n\n# Create a systemd service to get it to run in the background\ncat \u003c\u003c 'SVC' \u003e /etc/systemd/system/lab.service\n[Unit]\nDescription=Distributed Password Guessing Scenario\nAfter=network.target\n\n[Service]\nType=simple\nUser=ec2-user\nExecStart=/opt/bin/s3_ip_server\nRestart=on-failure\nEnvironment=PATH=$PATH:/usr/local/go/bin\nEnvironment=GOPATH=/opt\n\n## EDIT THESE ##\nEnvironment=AWS_REGION=${region}\nEnvironment=AWS_BUCKET=${bucket}\nEnvironment=AWS_OBJECT=${object}\n################\n\n[Install]\nWantedBy=multi-user.target\n\nSVC\n\nsystemctl daemon-reload\nsystemctl start lab\n",
                            "vars.%": "3",
                            "vars.bucket": "kanesha-1-1-test-bucket",
                            "vars.object": "ips.txt",
                            "vars.region": "us-west-2"
                        },
                        "meta": {},
                        "tainted": false
                    },
                    "deposed": [],
                    "provider": "provider.template"
                }
            },
            "depends_on": []
        }
    ]
}
